
Microsoft Visual Studio Solution File, Format Version 12.00
# Visual Studio Version 16
VisualStudioVersion = 16.0.31112.23
MinimumVisualStudioVersion = 10.0.40219.1
Project("{FAE04EC0-301F-11D3-BF4B-00C04F79EFBC}") = "FPAC_Unpacker", "FPAC_Unpacker\FPAC_Unpacker.csproj", "{D76A944C-4B4A-42F7-960D-02A129A92BE0}"
EndProject
Global
	GlobalSection(SolutionConfigurationPlatforms) = preSolution
		Debug|Any CPU = Debug|Any CPU
		Release|Any CPU = Release|Any CPU
	EndGlobalSection
	GlobalSection(ProjectConfigurationPlatforms) = postSolution
		{D76A944C-4B4A-42F7-960D-02A129A92BE0}.Debug|Any CPU.ActiveCfg = Debug|Any CPU
		{D76A944C-4B4A-42F7-960D-02A129A92BE0}.Debug|Any CPU.Build.0 = Debug|Any CPU
		{D76A944C-4B4A-42F7-960D-02A129A92BE0}.Release|Any CPU.ActiveCfg = Release|Any CPU
		{D76A944C-4B4A-42F7-960D-02A129A92BE0}.Release|Any CPU.Build.0 = Release|Any CPU
	EndGlobalSection
	GlobalSection(SolutionProperties) = preSolution
		HideSolutionNode = FALSE
	EndGlobalSection
	GlobalSection(ExtensibilityGlobals) = postSolution
		SolutionGuid = {5A6A91F0-38A2-446D-A284-66804C9DFB73}
	EndGlobalSection
EndGlobal
