
Microsoft Visual Studio Solution File, Format Version 12.00
# Visual Studio Version 17
VisualStudioVersion = 17.10.34916.146
MinimumVisualStudioVersion = 10.0.40219.1
Project("{9A19103F-16F7-4668-BE54-9A1E7A4F7556}") = "NowhereTool", "NowhereTool\NowhereTool.csproj", "{BE54F4AB-E722-4954-B2A5-9756E9827A75}"
EndProject
Global
	GlobalSection(SolutionConfigurationPlatforms) = preSolution
		Debug|Any CPU = Debug|Any CPU
		Release|Any CPU = Release|Any CPU
	EndGlobalSection
	GlobalSection(ProjectConfigurationPlatforms) = postSolution
		{BE54F4AB-E722-4954-B2A5-9756E9827A75}.Debug|Any CPU.ActiveCfg = Debug|Any CPU
		{BE54F4AB-E722-4954-B2A5-9756E9827A75}.Debug|Any CPU.Build.0 = Debug|Any CPU
		{BE54F4AB-E722-4954-B2A5-9756E9827A75}.Release|Any CPU.ActiveCfg = Release|Any CPU
		{BE54F4AB-E722-4954-B2A5-9756E9827A75}.Release|Any CPU.Build.0 = Release|Any CPU
	EndGlobalSection
	GlobalSection(SolutionProperties) = preSolution
		HideSolutionNode = FALSE
	EndGlobalSection
	GlobalSection(ExtensibilityGlobals) = postSolution
		SolutionGuid = {C1851693-59DD-4020-BE0B-47E0BDB7E328}
	EndGlobalSection
EndGlobal
